// !$*UTF8*$!
{
	archiveVersion = 1;
	classes = {
	};
	objectVersion = 46;
	objects = {

/* Begin PBXBuildFile section */
		6039B53A18DC8083006A76B4 /* libopencv_imgproc.2.4.8.dylib in Frameworks */ = {isa = PBXBuildFile; fileRef = 6039B53918DC8083006A76B4 /* libopencv_imgproc.2.4.8.dylib */; };
		60BB258218DC48EB00D4CA02 /* main.cpp in Sources */ = {isa = PBXBuildFile; fileRef = 60BB258118DC48EB00D4CA02 /* main.cpp */; };
		60BB258F18DC4EBA00D4CA02 /* libopencv_highgui.2.4.8.dylib in Frameworks */ = {isa = PBXBuildFile; fileRef = 60BB258D18DC4EBA00D4CA02 /* libopencv_highgui.2.4.8.dylib */; };
		60BB259018DC4EBA00D4CA02 /* libopencv_stitching.2.4.8.dylib in Frameworks */ = {isa = PBXBuildFile; fileRef = 60BB258E18DC4EBA00D4CA02 /* libopencv_stitching.2.4.8.dylib */; };
		60BB259718DC774000D4CA02 /* libopencv_core.2.4.8.dylib in Frameworks */ = {isa = PBXBuildFile; fileRef = 60BB259618DC774000D4CA02 /* libopencv_core.2.4.8.dylib */; };
/* End PBXBuildFile section */

/* Begin PBXCopyFilesBuildPhase section */
		60BB257C18DC48EB00D4CA02 /* CopyFiles */ = {
			isa = PBXCopyFilesBuildPhase;
			buildActionMask = 2147483647;
			dstPath = /usr/share/man/man1;
			dstSubfolderSpec = 0;
			files = (
			);
			runOnlyForDeploymentPostprocessing = 1;
		};
/* End PBXCopyFilesBuildPhase section */

/* Begin PBXFileReference section */
		6039B53918DC8083006A76B4 /* libopencv_imgproc.2.4.8.dylib */ = {isa = PBXFileReference; lastKnownFileType = "compiled.mach-o.dylib"; name = libopencv_imgproc.2.4.8.dylib; path = ../../../../../../../../opt/local/lib/libopencv_imgproc.2.4.8.dylib; sourceTree = "<group>"; };
		6039B53B18DC80F2006A76B4 /* canny.cpp */ = {isa = PBXFileReference; fileEncoding = 4; lastKnownFileType = sourcecode.cpp.cpp; path = canny.cpp; sourceTree = "<group>"; };
		60BB257E18DC48EB00D4CA02 /* linefinder */ = {isa = PBXFileReference; explicitFileType = "compiled.mach-o.executable"; includeInIndex = 0; path = linefinder; sourceTree = BUILT_PRODUCTS_DIR; };
		60BB258118DC48EB00D4CA02 /* main.cpp */ = {isa = PBXFileReference; lastKnownFileType = sourcecode.cpp.cpp; path = main.cpp; sourceTree = "<group>"; };
		60BB258D18DC4EBA00D4CA02 /* libopencv_highgui.2.4.8.dylib */ = {isa = PBXFileReference; lastKnownFileType = "compiled.mach-o.dylib"; name = libopencv_highgui.2.4.8.dylib; path = /opt/local/lib/libopencv_highgui.2.4.8.dylib; sourceTree = "<absolute>"; };
		60BB258E18DC4EBA00D4CA02 /* libopencv_stitching.2.4.8.dylib */ = {isa = PBXFileReference; lastKnownFileType = "compiled.mach-o.dylib"; name = libopencv_stitching.2.4.8.dylib; path = /opt/local/lib/libopencv_stitching.2.4.8.dylib; sourceTree = "<absolute>"; };
		60BB259518DC6B9700D4CA02 /* chess_board.jpg */ = {isa = PBXFileReference; lastKnownFileType = image.jpeg; name = chess_board.jpg; path = /Users/nhtheswede/Downloads/chess_board.jpg; sourceTree = "<absolute>"; };
		60BB259618DC774000D4CA02 /* libopencv_core.2.4.8.dylib */ = {isa = PBXFileReference; lastKnownFileType = "compiled.mach-o.dylib"; name = libopencv_core.2.4.8.dylib; path = ../../../../../../../../opt/local/lib/libopencv_core.2.4.8.dylib; sourceTree = "<group>"; };
/* End PBXFileReference section */

/* Begin PBXFrameworksBuildPhase section */
		60BB257B18DC48EB00D4CA02 /* Frameworks */ = {
			isa = PBXFrameworksBuildPhase;
			buildActionMask = 2147483647;
			files = (
				60BB258F18DC4EBA00D4CA02 /* libopencv_highgui.2.4.8.dylib in Frameworks */,
				6039B53A18DC8083006A76B4 /* libopencv_imgproc.2.4.8.dylib in Frameworks */,
				60BB259018DC4EBA00D4CA02 /* libopencv_stitching.2.4.8.dylib in Frameworks */,
				60BB259718DC774000D4CA02 /* libopencv_core.2.4.8.dylib in Frameworks */,
			);
			runOnlyForDeploymentPostprocessing = 0;
		};
/* End PBXFrameworksBuildPhase section */

/* Begin PBXGroup section */
		60BB257518DC48EB00D4CA02 = {
			isa = PBXGroup;
			children = (
				60BB259418DC639600D4CA02 /* pictures */,
				60BB258A18DC4B3500D4CA02 /* opencv */,
				60BB258018DC48EB00D4CA02 /* linefinder */,
				60BB257F18DC48EB00D4CA02 /* Products */,
			);
			sourceTree = "<group>";
		};
		60BB257F18DC48EB00D4CA02 /* Products */ = {
			isa = PBXGroup;
			children = (
				60BB257E18DC48EB00D4CA02 /* linefinder */,
			);
			name = Products;
			sourceTree = "<group>";
		};
		60BB258018DC48EB00D4CA02 /* linefinder */ = {
			isa = PBXGroup;
			children = (
				6039B53B18DC80F2006A76B4 /* canny.cpp */,
				60BB258118DC48EB00D4CA02 /* main.cpp */,
			);
			path = linefinder;
			sourceTree = "<group>";
		};
		60BB258A18DC4B3500D4CA02 /* opencv */ = {
			isa = PBXGroup;
			children = (
				6039B53918DC8083006A76B4 /* libopencv_imgproc.2.4.8.dylib */,
				60BB259618DC774000D4CA02 /* libopencv_core.2.4.8.dylib */,
				60BB258D18DC4EBA00D4CA02 /* libopencv_highgui.2.4.8.dylib */,
				60BB258E18DC4EBA00D4CA02 /* libopencv_stitching.2.4.8.dylib */,
			);
			name = opencv;
			sourceTree = "<group>";
		};
		60BB259418DC639600D4CA02 /* pictures */ = {
			isa = PBXGroup;
			children = (
				60BB259518DC6B9700D4CA02 /* chess_board.jpg */,
			);
			name = pictures;
			sourceTree = "<group>";
		};
/* End PBXGroup section */

/* Begin PBXNativeTarget section */
		60BB257D18DC48EB00D4CA02 /* linefinder */ = {
			isa = PBXNativeTarget;
			buildConfigurationList = 60BB258718DC48EB00D4CA02 /* Build configuration list for PBXNativeTarget "linefinder" */;
			buildPhases = (
				60BB257A18DC48EB00D4CA02 /* Sources */,
				60BB257B18DC48EB00D4CA02 /* Frameworks */,
				60BB257C18DC48EB00D4CA02 /* CopyFiles */,
			);
			buildRules = (
			);
			dependencies = (
			);
			name = linefinder;
			productName = linefinder;
			productReference = 60BB257E18DC48EB00D4CA02 /* linefinder */;
			productType = "com.apple.product-type.tool";
		};
/* End PBXNativeTarget section */

/* Begin PBXProject section */
		60BB257618DC48EB00D4CA02 /* Project object */ = {
			isa = PBXProject;
			attributes = {
				LastUpgradeCheck = 0510;
				ORGANIZATIONNAME = "Nicholas Hansen";
			};
			buildConfigurationList = 60BB257918DC48EB00D4CA02 /* Build configuration list for PBXProject "linefinder" */;
			compatibilityVersion = "Xcode 3.2";
			developmentRegion = English;
			hasScannedForEncodings = 0;
			knownRegions = (
				en,
			);
			mainGroup = 60BB257518DC48EB00D4CA02;
			productRefGroup = 60BB257F18DC48EB00D4CA02 /* Products */;
			projectDirPath = "";
			projectRoot = "";
			targets = (
				60BB257D18DC48EB00D4CA02 /* linefinder */,
			);
		};
/* End PBXProject section */

/* Begin PBXSourcesBuildPhase section */
		60BB257A18DC48EB00D4CA02 /* Sources */ = {
			isa = PBXSourcesBuildPhase;
			buildActionMask = 2147483647;
			files = (
				60BB258218DC48EB00D4CA02 /* main.cpp in Sources */,
			);
			runOnlyForDeploymentPostprocessing = 0;
		};
/* End PBXSourcesBuildPhase section */

/* Begin XCBuildConfiguration section */
		60BB258518DC48EB00D4CA02 /* Debug */ = {
			isa = XCBuildConfiguration;
			buildSettings = {
				ALWAYS_SEARCH_USER_PATHS = NO;
				CLANG_CXX_LANGUAGE_STANDARD = "gnu++0x";
				CLANG_CXX_LIBRARY = "libc++";
				CLANG_ENABLE_MODULES = YES;
				CLANG_ENABLE_OBJC_ARC = YES;
				CLANG_WARN_BOOL_CONVERSION = YES;
				CLANG_WARN_CONSTANT_CONVERSION = YES;
				CLANG_WARN_DIRECT_OBJC_ISA_USAGE = YES_ERROR;
				CLANG_WARN_EMPTY_BODY = YES;
				CLANG_WARN_ENUM_CONVERSION = YES;
				CLANG_WARN_INT_CONVERSION = YES;
				CLANG_WARN_OBJC_ROOT_CLASS = YES_ERROR;
				CLANG_WARN__DUPLICATE_METHOD_MATCH = YES;
				COPY_PHASE_STRIP = NO;
				GCC_C_LANGUAGE_STANDARD = gnu99;
				GCC_DYNAMIC_NO_PIC = NO;
				GCC_ENABLE_OBJC_EXCEPTIONS = YES;
				GCC_OPTIMIZATION_LEVEL = 0;
				GCC_PREPROCESSOR_DEFINITIONS = (
					"DEBUG=1",
					"$(inherited)",
				);
				GCC_SYMBOLS_PRIVATE_EXTERN = NO;
				GCC_WARN_64_TO_32_BIT_CONVERSION = YES;
				GCC_WARN_ABOUT_RETURN_TYPE = YES_ERROR;
				GCC_WARN_UNDECLARED_SELECTOR = YES;
				GCC_WARN_UNINITIALIZED_AUTOS = YES_AGGRESSIVE;
				GCC_WARN_UNUSED_FUNCTION = YES;
				GCC_WARN_UNUSED_VARIABLE = YES;
				MACOSX_DEPLOYMENT_TARGET = 10.9;
				ONLY_ACTIVE_ARCH = YES;
				SDKROOT = macosx;
			};
			name = Debug;
		};
		60BB258618DC48EB00D4CA02 /* Release */ = {
			isa = XCBuildConfiguration;
			buildSettings = {
				ALWAYS_SEARCH_USER_PATHS = NO;
				CLANG_CXX_LANGUAGE_STANDARD = "gnu++0x";
				CLANG_CXX_LIBRARY = "libc++";
				CLANG_ENABLE_MODULES = YES;
				CLANG_ENABLE_OBJC_ARC = YES;
				CLANG_WARN_BOOL_CONVERSION = YES;
				CLANG_WARN_CONSTANT_CONVERSION = YES;
				CLANG_WARN_DIRECT_OBJC_ISA_USAGE = YES_ERROR;
				CLANG_WARN_EMPTY_BODY = YES;
				CLANG_WARN_ENUM_CONVERSION = YES;
				CLANG_WARN_INT_CONVERSION = YES;
				CLANG_WARN_OBJC_ROOT_CLASS = YES_ERROR;
				CLANG_WARN__DUPLICATE_METHOD_MATCH = YES;
				COPY_PHASE_STRIP = YES;
				DEBUG_INFORMATION_FORMAT = "dwarf-with-dsym";
				ENABLE_NS_ASSERTIONS = NO;
				GCC_C_LANGUAGE_STANDARD = gnu99;
				GCC_ENABLE_OBJC_EXCEPTIONS = YES;
				GCC_WARN_64_TO_32_BIT_CONVERSION = YES;
				GCC_WARN_ABOUT_RETURN_TYPE = YES_ERROR;
				GCC_WARN_UNDECLARED_SELECTOR = YES;
				GCC_WARN_UNINITIALIZED_AUTOS = YES_AGGRESSIVE;
				GCC_WARN_UNUSED_FUNCTION = YES;
				GCC_WARN_UNUSED_VARIABLE = YES;
				MACOSX_DEPLOYMENT_TARGET = 10.9;
				SDKROOT = macosx;
			};
			name = Release;
		};
		60BB258818DC48EB00D4CA02 /* Debug */ = {
			isa = XCBuildConfiguration;
			buildSettings = {
				CLANG_CXX_LANGUAGE_STANDARD = "compiler-default";
				CLANG_CXX_LIBRARY = "compiler-default";
				HEADER_SEARCH_PATHS = (
					"$(inherited)",
					/Applications/Xcode.app/Contents/Developer/Toolchains/XcodeDefault.xctoolchain/usr/include,
					/opt/local/include,
				);
				LIBRARY_SEARCH_PATHS = /opt/local/lib;
				PRODUCT_NAME = "$(TARGET_NAME)";
			};
			name = Debug;
		};
		60BB258918DC48EB00D4CA02 /* Release */ = {
			isa = XCBuildConfiguration;
			buildSettings = {
				CLANG_CXX_LANGUAGE_STANDARD = "compiler-default";
				CLANG_CXX_LIBRARY = "compiler-default";
				HEADER_SEARCH_PATHS = (
					"$(inherited)",
					/Applications/Xcode.app/Contents/Developer/Toolchains/XcodeDefault.xctoolchain/usr/include,
					/opt/local/include,
				);
				LIBRARY_SEARCH_PATHS = /opt/local/lib;
				PRODUCT_NAME = "$(TARGET_NAME)";
			};
			name = Release;
		};
/* End XCBuildConfiguration section */

/* Begin XCConfigurationList section */
		60BB257918DC48EB00D4CA02 /* Build configuration list for PBXProject "linefinder" */ = {
			isa = XCConfigurationList;
			buildConfigurations = (
				60BB258518DC48EB00D4CA02 /* Debug */,
				60BB258618DC48EB00D4CA02 /* Release */,
			);
			defaultConfigurationIsVisible = 0;
			defaultConfigurationName = Release;
		};
		60BB258718DC48EB00D4CA02 /* Build configuration list for PBXNativeTarget "linefinder" */ = {
			isa = XCConfigurationList;
			buildConfigurations = (
				60BB258818DC48EB00D4CA02 /* Debug */,
				60BB258918DC48EB00D4CA02 /* Release */,
			);
			defaultConfigurationIsVisible = 0;
			defaultConfigurationName = Release;
		};
/* End XCConfigurationList section */
	};
	rootObject = 60BB257618DC48EB00D4CA02 /* Project object */;
}
